
Microsoft Visual Studio Solution File, Format Version 12.00
# Visual Studio Version 17
VisualStudioVersion = 17.11.35219.272
MinimumVisualStudioVersion = 10.0.40219.1
Project("{9A19103F-16F7-4668-BE54-9A1E7A4F7556}") = "StgSharp.Common", "StgSharp.Common\StgSharp.Common.csproj", "{C3B90A98-BAED-49E7-B488-1E3F77D68DD5}"
	ProjectSection(ProjectDependencies) = postProject
		{20CBFF26-6746-402E-992C-7B643E9423EB} = {20CBFF26-6746-402E-992C-7B643E9423EB}
		{F587E911-6CC8-4527-851B-83EC808629A6} = {F587E911-6CC8-4527-851B-83EC808629A6}
	EndProjectSection
EndProject
Project("{8BC9CEB8-8B4A-11D0-8D11-00A0C91BC942}") = "StgSharp.Native", "StgSharp.Native\StgSharp.Native.vcxproj", "{20CBFF26-6746-402E-992C-7B643E9423EB}"
EndProject
EndProject
Project("{9A19103F-16F7-4668-BE54-9A1E7A4F7556}") = "StgSharp.TerminalDialogue", "StgSharp.TerminalDialogue\StgSharp.TerminalDialogue.csproj", "{F587E911-6CC8-4527-851B-83EC808629A6}"
EndProject
Project("{9A19103F-16F7-4668-BE54-9A1E7A4F7556}") = "StgSharp.Model", "StgSharp.Model\StgSharp.Model.csproj", "{B6FA98AE-0FC8-4079-924F-852BA86C1569}"
EndProject
Project("{9A19103F-16F7-4668-BE54-9A1E7A4F7556}") = "StgSharp.Script", "StgSharp.Script\StgSharp.Script.csproj", "{B18DE598-5F79-4528-B252-A1BAB0CB840F}"
EndProject
Global
	GlobalSection(SolutionConfigurationPlatforms) = preSolution
		Debug|Any CPU = Debug|Any CPU
		Debug|x64 = Debug|x64
		Debug|x86 = Debug|x86
		NoOps|Any CPU = NoOps|Any CPU
		NoOps|x64 = NoOps|x64
		NoOps|x86 = NoOps|x86
		RealDebug|Any CPU = RealDebug|Any CPU
		RealDebug|x64 = RealDebug|x64
		RealDebug|x86 = RealDebug|x86
		Release|Any CPU = Release|Any CPU
		Release|x64 = Release|x64
		Release|x86 = Release|x86
	EndGlobalSection
	GlobalSection(ProjectConfigurationPlatforms) = postSolution
		{C3B90A98-BAED-49E7-B488-1E3F77D68DD5}.Debug|Any CPU.ActiveCfg = Debug|Any CPU
		{C3B90A98-BAED-49E7-B488-1E3F77D68DD5}.Debug|Any CPU.Build.0 = Debug|Any CPU
		{C3B90A98-BAED-49E7-B488-1E3F77D68DD5}.Debug|x64.ActiveCfg = Debug|x64
		{C3B90A98-BAED-49E7-B488-1E3F77D68DD5}.Debug|x64.Build.0 = Debug|x64
		{C3B90A98-BAED-49E7-B488-1E3F77D68DD5}.Debug|x86.ActiveCfg = Debug|Any CPU
		{C3B90A98-BAED-49E7-B488-1E3F77D68DD5}.Debug|x86.Build.0 = Debug|Any CPU
		{C3B90A98-BAED-49E7-B488-1E3F77D68DD5}.NoOps|Any CPU.ActiveCfg = NoOps|Any CPU
		{C3B90A98-BAED-49E7-B488-1E3F77D68DD5}.NoOps|Any CPU.Build.0 = NoOps|Any CPU
		{C3B90A98-BAED-49E7-B488-1E3F77D68DD5}.NoOps|x64.ActiveCfg = NoOps|x64
		{C3B90A98-BAED-49E7-B488-1E3F77D68DD5}.NoOps|x64.Build.0 = NoOps|x64
		{C3B90A98-BAED-49E7-B488-1E3F77D68DD5}.NoOps|x86.ActiveCfg = NoOps|Any CPU
		{C3B90A98-BAED-49E7-B488-1E3F77D68DD5}.NoOps|x86.Build.0 = NoOps|Any CPU
		{C3B90A98-BAED-49E7-B488-1E3F77D68DD5}.RealDebug|Any CPU.ActiveCfg = RealDebug|Any CPU
		{C3B90A98-BAED-49E7-B488-1E3F77D68DD5}.RealDebug|Any CPU.Build.0 = RealDebug|Any CPU
		{C3B90A98-BAED-49E7-B488-1E3F77D68DD5}.RealDebug|x64.ActiveCfg = RealDebug|x64
		{C3B90A98-BAED-49E7-B488-1E3F77D68DD5}.RealDebug|x64.Build.0 = RealDebug|x64
		{C3B90A98-BAED-49E7-B488-1E3F77D68DD5}.RealDebug|x86.ActiveCfg = RealDebug|Any CPU
		{C3B90A98-BAED-49E7-B488-1E3F77D68DD5}.RealDebug|x86.Build.0 = RealDebug|Any CPU
		{C3B90A98-BAED-49E7-B488-1E3F77D68DD5}.Release|Any CPU.ActiveCfg = Release|Any CPU
		{C3B90A98-BAED-49E7-B488-1E3F77D68DD5}.Release|Any CPU.Build.0 = Release|Any CPU
		{C3B90A98-BAED-49E7-B488-1E3F77D68DD5}.Release|x64.ActiveCfg = Release|x64
		{C3B90A98-BAED-49E7-B488-1E3F77D68DD5}.Release|x64.Build.0 = Release|x64
		{C3B90A98-BAED-49E7-B488-1E3F77D68DD5}.Release|x86.ActiveCfg = Release|Any CPU
		{C3B90A98-BAED-49E7-B488-1E3F77D68DD5}.Release|x86.Build.0 = Release|Any CPU
		{20CBFF26-6746-402E-992C-7B643E9423EB}.Debug|Any CPU.ActiveCfg = Debug|x64
		{20CBFF26-6746-402E-992C-7B643E9423EB}.Debug|Any CPU.Build.0 = Debug|x64
		{20CBFF26-6746-402E-992C-7B643E9423EB}.Debug|x64.ActiveCfg = Debug|x64
		{20CBFF26-6746-402E-992C-7B643E9423EB}.Debug|x64.Build.0 = Debug|x64
		{20CBFF26-6746-402E-992C-7B643E9423EB}.Debug|x86.ActiveCfg = Debug|Win32
		{20CBFF26-6746-402E-992C-7B643E9423EB}.Debug|x86.Build.0 = Debug|Win32
		{20CBFF26-6746-402E-992C-7B643E9423EB}.NoOps|Any CPU.ActiveCfg = Debug|x64
		{20CBFF26-6746-402E-992C-7B643E9423EB}.NoOps|Any CPU.Build.0 = Debug|x64
		{20CBFF26-6746-402E-992C-7B643E9423EB}.NoOps|x64.ActiveCfg = Debug|x64
		{20CBFF26-6746-402E-992C-7B643E9423EB}.NoOps|x64.Build.0 = Debug|x64
		{20CBFF26-6746-402E-992C-7B643E9423EB}.NoOps|x86.ActiveCfg = Debug|Win32
		{20CBFF26-6746-402E-992C-7B643E9423EB}.NoOps|x86.Build.0 = Debug|Win32
		{20CBFF26-6746-402E-992C-7B643E9423EB}.RealDebug|Any CPU.ActiveCfg = Release|x64
		{20CBFF26-6746-402E-992C-7B643E9423EB}.RealDebug|Any CPU.Build.0 = Release|x64
		{20CBFF26-6746-402E-992C-7B643E9423EB}.RealDebug|x64.ActiveCfg = Release|x64
		{20CBFF26-6746-402E-992C-7B643E9423EB}.RealDebug|x64.Build.0 = Release|x64
		{20CBFF26-6746-402E-992C-7B643E9423EB}.RealDebug|x86.ActiveCfg = Release|Win32
		{20CBFF26-6746-402E-992C-7B643E9423EB}.RealDebug|x86.Build.0 = Release|Win32
		{20CBFF26-6746-402E-992C-7B643E9423EB}.Release|Any CPU.ActiveCfg = Release|x64
		{20CBFF26-6746-402E-992C-7B643E9423EB}.Release|Any CPU.Build.0 = Release|x64
		{20CBFF26-6746-402E-992C-7B643E9423EB}.Release|x64.ActiveCfg = Release|x64
		{20CBFF26-6746-402E-992C-7B643E9423EB}.Release|x64.Build.0 = Release|x64
		{20CBFF26-6746-402E-992C-7B643E9423EB}.Release|x86.ActiveCfg = Release|Win32
		{20CBFF26-6746-402E-992C-7B643E9423EB}.Release|x86.Build.0 = Release|Win32
		{65599584-8C17-4796-8A1B-0628B88BBE86}.Debug|Any CPU.ActiveCfg = Debug|Any CPU
		{65599584-8C17-4796-8A1B-0628B88BBE86}.Debug|Any CPU.Build.0 = Debug|Any CPU
		{65599584-8C17-4796-8A1B-0628B88BBE86}.Debug|x64.ActiveCfg = Debug|Any CPU
		{65599584-8C17-4796-8A1B-0628B88BBE86}.Debug|x64.Build.0 = Debug|Any CPU
		{65599584-8C17-4796-8A1B-0628B88BBE86}.Debug|x86.ActiveCfg = Debug|Any CPU
		{65599584-8C17-4796-8A1B-0628B88BBE86}.Debug|x86.Build.0 = Debug|Any CPU
		{65599584-8C17-4796-8A1B-0628B88BBE86}.NoOps|Any CPU.ActiveCfg = Debug|Any CPU
		{65599584-8C17-4796-8A1B-0628B88BBE86}.NoOps|Any CPU.Build.0 = Debug|Any CPU
		{65599584-8C17-4796-8A1B-0628B88BBE86}.NoOps|x64.ActiveCfg = Debug|Any CPU
		{65599584-8C17-4796-8A1B-0628B88BBE86}.NoOps|x64.Build.0 = Debug|Any CPU
		{65599584-8C17-4796-8A1B-0628B88BBE86}.NoOps|x86.ActiveCfg = Debug|Any CPU
		{65599584-8C17-4796-8A1B-0628B88BBE86}.NoOps|x86.Build.0 = Debug|Any CPU
		{65599584-8C17-4796-8A1B-0628B88BBE86}.RealDebug|Any CPU.ActiveCfg = Release|Any CPU
		{65599584-8C17-4796-8A1B-0628B88BBE86}.RealDebug|Any CPU.Build.0 = Release|Any CPU
		{65599584-8C17-4796-8A1B-0628B88BBE86}.RealDebug|x64.ActiveCfg = Release|Any CPU
		{65599584-8C17-4796-8A1B-0628B88BBE86}.RealDebug|x64.Build.0 = Release|Any CPU
		{65599584-8C17-4796-8A1B-0628B88BBE86}.RealDebug|x86.ActiveCfg = Release|Any CPU
		{65599584-8C17-4796-8A1B-0628B88BBE86}.RealDebug|x86.Build.0 = Release|Any CPU
		{65599584-8C17-4796-8A1B-0628B88BBE86}.Release|Any CPU.ActiveCfg = Release|Any CPU
		{65599584-8C17-4796-8A1B-0628B88BBE86}.Release|Any CPU.Build.0 = Release|Any CPU
		{65599584-8C17-4796-8A1B-0628B88BBE86}.Release|x64.ActiveCfg = Release|Any CPU
		{65599584-8C17-4796-8A1B-0628B88BBE86}.Release|x64.Build.0 = Release|Any CPU
		{65599584-8C17-4796-8A1B-0628B88BBE86}.Release|x86.ActiveCfg = Release|Any CPU
		{65599584-8C17-4796-8A1B-0628B88BBE86}.Release|x86.Build.0 = Release|Any CPU
		{F587E911-6CC8-4527-851B-83EC808629A6}.Debug|Any CPU.ActiveCfg = Debug|Any CPU
		{F587E911-6CC8-4527-851B-83EC808629A6}.Debug|Any CPU.Build.0 = Debug|Any CPU
		{F587E911-6CC8-4527-851B-83EC808629A6}.Debug|x64.ActiveCfg = Debug|Any CPU
		{F587E911-6CC8-4527-851B-83EC808629A6}.Debug|x64.Build.0 = Debug|Any CPU
		{F587E911-6CC8-4527-851B-83EC808629A6}.Debug|x86.ActiveCfg = Debug|Any CPU
		{F587E911-6CC8-4527-851B-83EC808629A6}.Debug|x86.Build.0 = Debug|Any CPU
		{F587E911-6CC8-4527-851B-83EC808629A6}.NoOps|Any CPU.ActiveCfg = Debug|Any CPU
		{F587E911-6CC8-4527-851B-83EC808629A6}.NoOps|Any CPU.Build.0 = Debug|Any CPU
		{F587E911-6CC8-4527-851B-83EC808629A6}.NoOps|x64.ActiveCfg = Debug|Any CPU
		{F587E911-6CC8-4527-851B-83EC808629A6}.NoOps|x64.Build.0 = Debug|Any CPU
		{F587E911-6CC8-4527-851B-83EC808629A6}.NoOps|x86.ActiveCfg = Debug|Any CPU
		{F587E911-6CC8-4527-851B-83EC808629A6}.NoOps|x86.Build.0 = Debug|Any CPU
		{F587E911-6CC8-4527-851B-83EC808629A6}.RealDebug|Any CPU.ActiveCfg = Release|Any CPU
		{F587E911-6CC8-4527-851B-83EC808629A6}.RealDebug|Any CPU.Build.0 = Release|Any CPU
		{F587E911-6CC8-4527-851B-83EC808629A6}.RealDebug|x64.ActiveCfg = Release|Any CPU
		{F587E911-6CC8-4527-851B-83EC808629A6}.RealDebug|x64.Build.0 = Release|Any CPU
		{F587E911-6CC8-4527-851B-83EC808629A6}.RealDebug|x86.ActiveCfg = Release|Any CPU
		{F587E911-6CC8-4527-851B-83EC808629A6}.RealDebug|x86.Build.0 = Release|Any CPU
		{F587E911-6CC8-4527-851B-83EC808629A6}.Release|Any CPU.ActiveCfg = Release|Any CPU
		{F587E911-6CC8-4527-851B-83EC808629A6}.Release|Any CPU.Build.0 = Release|Any CPU
		{F587E911-6CC8-4527-851B-83EC808629A6}.Release|x64.ActiveCfg = Release|Any CPU
		{F587E911-6CC8-4527-851B-83EC808629A6}.Release|x64.Build.0 = Release|Any CPU
		{F587E911-6CC8-4527-851B-83EC808629A6}.Release|x86.ActiveCfg = Release|Any CPU
		{F587E911-6CC8-4527-851B-83EC808629A6}.Release|x86.Build.0 = Release|Any CPU
		{B6FA98AE-0FC8-4079-924F-852BA86C1569}.Debug|Any CPU.ActiveCfg = Debug|Any CPU
		{B6FA98AE-0FC8-4079-924F-852BA86C1569}.Debug|Any CPU.Build.0 = Debug|Any CPU
		{B6FA98AE-0FC8-4079-924F-852BA86C1569}.Debug|x64.ActiveCfg = Debug|Any CPU
		{B6FA98AE-0FC8-4079-924F-852BA86C1569}.Debug|x64.Build.0 = Debug|Any CPU
		{B6FA98AE-0FC8-4079-924F-852BA86C1569}.Debug|x86.ActiveCfg = Debug|Any CPU
		{B6FA98AE-0FC8-4079-924F-852BA86C1569}.Debug|x86.Build.0 = Debug|Any CPU
		{B6FA98AE-0FC8-4079-924F-852BA86C1569}.NoOps|Any CPU.ActiveCfg = Debug|Any CPU
		{B6FA98AE-0FC8-4079-924F-852BA86C1569}.NoOps|Any CPU.Build.0 = Debug|Any CPU
		{B6FA98AE-0FC8-4079-924F-852BA86C1569}.NoOps|x64.ActiveCfg = Debug|Any CPU
		{B6FA98AE-0FC8-4079-924F-852BA86C1569}.NoOps|x64.Build.0 = Debug|Any CPU
		{B6FA98AE-0FC8-4079-924F-852BA86C1569}.NoOps|x86.ActiveCfg = Debug|Any CPU
		{B6FA98AE-0FC8-4079-924F-852BA86C1569}.NoOps|x86.Build.0 = Debug|Any CPU
		{B6FA98AE-0FC8-4079-924F-852BA86C1569}.RealDebug|Any CPU.ActiveCfg = Release|Any CPU
		{B6FA98AE-0FC8-4079-924F-852BA86C1569}.RealDebug|Any CPU.Build.0 = Release|Any CPU
		{B6FA98AE-0FC8-4079-924F-852BA86C1569}.RealDebug|x64.ActiveCfg = Release|Any CPU
		{B6FA98AE-0FC8-4079-924F-852BA86C1569}.RealDebug|x64.Build.0 = Release|Any CPU
		{B6FA98AE-0FC8-4079-924F-852BA86C1569}.RealDebug|x86.ActiveCfg = Release|Any CPU
		{B6FA98AE-0FC8-4079-924F-852BA86C1569}.RealDebug|x86.Build.0 = Release|Any CPU
		{B6FA98AE-0FC8-4079-924F-852BA86C1569}.Release|Any CPU.ActiveCfg = Release|Any CPU
		{B6FA98AE-0FC8-4079-924F-852BA86C1569}.Release|Any CPU.Build.0 = Release|Any CPU
		{B6FA98AE-0FC8-4079-924F-852BA86C1569}.Release|x64.ActiveCfg = Release|Any CPU
		{B6FA98AE-0FC8-4079-924F-852BA86C1569}.Release|x64.Build.0 = Release|Any CPU
		{B6FA98AE-0FC8-4079-924F-852BA86C1569}.Release|x86.ActiveCfg = Release|Any CPU
		{B6FA98AE-0FC8-4079-924F-852BA86C1569}.Release|x86.Build.0 = Release|Any CPU
		{B18DE598-5F79-4528-B252-A1BAB0CB840F}.Debug|Any CPU.ActiveCfg = Debug|Any CPU
		{B18DE598-5F79-4528-B252-A1BAB0CB840F}.Debug|Any CPU.Build.0 = Debug|Any CPU
		{B18DE598-5F79-4528-B252-A1BAB0CB840F}.Debug|x64.ActiveCfg = Debug|Any CPU
		{B18DE598-5F79-4528-B252-A1BAB0CB840F}.Debug|x64.Build.0 = Debug|Any CPU
		{B18DE598-5F79-4528-B252-A1BAB0CB840F}.Debug|x86.ActiveCfg = Debug|Any CPU
		{B18DE598-5F79-4528-B252-A1BAB0CB840F}.Debug|x86.Build.0 = Debug|Any CPU
		{B18DE598-5F79-4528-B252-A1BAB0CB840F}.NoOps|Any CPU.ActiveCfg = Debug|Any CPU
		{B18DE598-5F79-4528-B252-A1BAB0CB840F}.NoOps|Any CPU.Build.0 = Debug|Any CPU
		{B18DE598-5F79-4528-B252-A1BAB0CB840F}.NoOps|x64.ActiveCfg = Debug|Any CPU
		{B18DE598-5F79-4528-B252-A1BAB0CB840F}.NoOps|x64.Build.0 = Debug|Any CPU
		{B18DE598-5F79-4528-B252-A1BAB0CB840F}.NoOps|x86.ActiveCfg = Debug|Any CPU
		{B18DE598-5F79-4528-B252-A1BAB0CB840F}.NoOps|x86.Build.0 = Debug|Any CPU
		{B18DE598-5F79-4528-B252-A1BAB0CB840F}.RealDebug|Any CPU.ActiveCfg = Release|Any CPU
		{B18DE598-5F79-4528-B252-A1BAB0CB840F}.RealDebug|Any CPU.Build.0 = Release|Any CPU
		{B18DE598-5F79-4528-B252-A1BAB0CB840F}.RealDebug|x64.ActiveCfg = Release|Any CPU
		{B18DE598-5F79-4528-B252-A1BAB0CB840F}.RealDebug|x64.Build.0 = Release|Any CPU
		{B18DE598-5F79-4528-B252-A1BAB0CB840F}.RealDebug|x86.ActiveCfg = Release|Any CPU
		{B18DE598-5F79-4528-B252-A1BAB0CB840F}.RealDebug|x86.Build.0 = Release|Any CPU
		{B18DE598-5F79-4528-B252-A1BAB0CB840F}.Release|Any CPU.ActiveCfg = Release|Any CPU
		{B18DE598-5F79-4528-B252-A1BAB0CB840F}.Release|Any CPU.Build.0 = Release|Any CPU
		{B18DE598-5F79-4528-B252-A1BAB0CB840F}.Release|x64.ActiveCfg = Release|Any CPU
		{B18DE598-5F79-4528-B252-A1BAB0CB840F}.Release|x64.Build.0 = Release|Any CPU
		{B18DE598-5F79-4528-B252-A1BAB0CB840F}.Release|x86.ActiveCfg = Release|Any CPU
		{B18DE598-5F79-4528-B252-A1BAB0CB840F}.Release|x86.Build.0 = Release|Any CPU
	EndGlobalSection
	GlobalSection(SolutionProperties) = preSolution
		HideSolutionNode = FALSE
	EndGlobalSection
	GlobalSection(ExtensibilityGlobals) = postSolution
		SolutionGuid = {6F64EECC-8B30-409E-90F3-473183852889}
	EndGlobalSection
EndGlobal
